// !$*UTF8*$!
{
	archiveVersion = 1;
	classes = {
	};
	objectVersion = 56;
	objects = {

/* Begin PBXBuildFile section */
		30D6D99D29B489C2002C63BB /* AppDelegate.swift in Sources */ = {isa = PBXBuildFile; fileRef = 30D6D99C29B489C2002C63BB /* AppDelegate.swift */; };
		30D6D99F29B489C2002C63BB /* SceneDelegate.swift in Sources */ = {isa = PBXBuildFile; fileRef = 30D6D99E29B489C2002C63BB /* SceneDelegate.swift */; };
		30D6D9A129B489C2002C63BB /* ViewController.swift in Sources */ = {isa = PBXBuildFile; fileRef = 30D6D9A029B489C2002C63BB /* ViewController.swift */; };
		30D6D9A429B489C2002C63BB /* Main.storyboard in Resources */ = {isa = PBXBuildFile; fileRef = 30D6D9A229B489C2002C63BB /* Main.storyboard */; };
		30D6D9A629B489C3002C63BB /* Assets.xcassets in Resources */ = {isa = PBXBuildFile; fileRef = 30D6D9A529B489C3002C63BB /* Assets.xcassets */; };
		30D6D9A929B489C3002C63BB /* LaunchScreen.storyboard in Resources */ = {isa = PBXBuildFile; fileRef = 30D6D9A729B489C3002C63BB /* LaunchScreen.storyboard */; };
		30D6D9B129B48B1A002C63BB /* detailsVC.swift in Sources */ = {isa = PBXBuildFile; fileRef = 30D6D9B029B48B1A002C63BB /* detailsVC.swift */; };
		30D6D9B329B49014002C63BB /* simpsons.swift in Sources */ = {isa = PBXBuildFile; fileRef = 30D6D9B229B49014002C63BB /* simpsons.swift */; };
/* End PBXBuildFile section */

/* Begin PBXFileReference section */
		30D6D99929B489C2002C63BB /* SimpsonsBook.app */ = {isa = PBXFileReference; explicitFileType = wrapper.application; includeInIndex = 0; path = SimpsonsBook.app; sourceTree = BUILT_PRODUCTS_DIR; };
		30D6D99C29B489C2002C63BB /* AppDelegate.swift */ = {isa = PBXFileReference; lastKnownFileType = sourcecode.swift; path = AppDelegate.swift; sourceTree = "<group>"; };
		30D6D99E29B489C2002C63BB /* SceneDelegate.swift */ = {isa = PBXFileReference; lastKnownFileType = sourcecode.swift; path = SceneDelegate.swift; sourceTree = "<group>"; };
		30D6D9A029B489C2002C63BB /* ViewController.swift */ = {isa = PBXFileReference; lastKnownFileType = sourcecode.swift; path = ViewController.swift; sourceTree = "<group>"; };
		30D6D9A329B489C2002C63BB /* Base */ = {isa = PBXFileReference; lastKnownFileType = file.storyboard; name = Base; path = Base.lproj/Main.storyboard; sourceTree = "<group>"; };
		30D6D9A529B489C3002C63BB /* Assets.xcassets */ = {isa = PBXFileReference; lastKnownFileType = folder.assetcatalog; path = Assets.xcassets; sourceTree = "<group>"; };
		30D6D9A829B489C3002C63BB /* Base */ = {isa = PBXFileReference; lastKnownFileType = file.storyboard; name = Base; path = Base.lproj/LaunchScreen.storyboard; sourceTree = "<group>"; };
		30D6D9AA29B489C3002C63BB /* Info.plist */ = {isa = PBXFileReference; lastKnownFileType = text.plist.xml; path = Info.plist; sourceTree = "<group>"; };
		30D6D9B029B48B1A002C63BB /* detailsVC.swift */ = {isa = PBXFileReference; lastKnownFileType = sourcecode.swift; path = detailsVC.swift; sourceTree = "<group>"; };
		30D6D9B229B49014002C63BB /* simpsons.swift */ = {isa = PBXFileReference; lastKnownFileType = sourcecode.swift; path = simpsons.swift; sourceTree = "<group>"; };
/* End PBXFileReference section */

/* Begin PBXFrameworksBuildPhase section */
		30D6D99629B489C2002C63BB /* Frameworks */ = {
			isa = PBXFrameworksBuildPhase;
			buildActionMask = 2147483647;
			files = (
			);
			runOnlyForDeploymentPostprocessing = 0;
		};
/* End PBXFrameworksBuildPhase section */

/* Begin PBXGroup section */
		30D6D99029B489C2002C63BB = {
			isa = PBXGroup;
			children = (
				30D6D99B29B489C2002C63BB /* SimpsonsBook */,
				30D6D99A29B489C2002C63BB /* Products */,
			);
			sourceTree = "<group>";
		};
		30D6D99A29B489C2002C63BB /* Products */ = {
			isa = PBXGroup;
			children = (
				30D6D99929B489C2002C63BB /* SimpsonsBook.app */,
			);
			name = Products;
			sourceTree = "<group>";
		};
		30D6D99B29B489C2002C63BB /* SimpsonsBook */ = {
			isa = PBXGroup;
			children = (
				30D6D99C29B489C2002C63BB /* AppDelegate.swift */,
				30D6D99E29B489C2002C63BB /* SceneDelegate.swift */,
				30D6D9A029B489C2002C63BB /* ViewController.swift */,
				30D6D9B029B48B1A002C63BB /* detailsVC.swift */,
				30D6D9A229B489C2002C63BB /* Main.storyboard */,
				30D6D9A529B489C3002C63BB /* Assets.xcassets */,
				30D6D9B229B49014002C63BB /* simpsons.swift */,
				30D6D9A729B489C3002C63BB /* LaunchScreen.storyboard */,
				30D6D9AA29B489C3002C63BB /* Info.plist */,
			);
			path = SimpsonsBook;
			sourceTree = "<group>";
		};
/* End PBXGroup section */

/* Begin PBXNativeTarget section */
		30D6D99829B489C2002C63BB /* SimpsonsBook */ = {
			isa = PBXNativeTarget;
			buildConfigurationList = 30D6D9AD29B489C3002C63BB /* Build configuration list for PBXNativeTarget "SimpsonsBook" */;
			buildPhases = (
				30D6D99529B489C2002C63BB /* Sources */,
				30D6D99629B489C2002C63BB /* Frameworks */,
				30D6D99729B489C2002C63BB /* Resources */,
			);
			buildRules = (
			);
			dependencies = (
			);
			name = SimpsonsBook;
			productName = SimpsonsBook;
			productReference = 30D6D99929B489C2002C63BB /* SimpsonsBook.app */;
			productType = "com.apple.product-type.application";
		};
/* End PBXNativeTarget section */

/* Begin PBXProject section */
		30D6D99129B489C2002C63BB /* Project object */ = {
			isa = PBXProject;
			attributes = {
				BuildIndependentTargetsInParallel = 1;
				LastSwiftUpdateCheck = 1420;
				LastUpgradeCheck = 1420;
				TargetAttributes = {
					30D6D99829B489C2002C63BB = {
						CreatedOnToolsVersion = 14.2;
					};
				};
			};
			buildConfigurationList = 30D6D99429B489C2002C63BB /* Build configuration list for PBXProject "SimpsonsBook" */;
			compatibilityVersion = "Xcode 14.0";
			developmentRegion = en;
			hasScannedForEncodings = 0;
			knownRegions = (
				en,
				Base,
			);
			mainGroup = 30D6D99029B489C2002C63BB;
			productRefGroup = 30D6D99A29B489C2002C63BB /* Products */;
			projectDirPath = "";
			projectRoot = "";
			targets = (
				30D6D99829B489C2002C63BB /* SimpsonsBook */,
			);
		};
/* End PBXProject section */

/* Begin PBXResourcesBuildPhase section */
		30D6D99729B489C2002C63BB /* Resources */ = {
			isa = PBXResourcesBuildPhase;
			buildActionMask = 2147483647;
			files = (
				30D6D9A929B489C3002C63BB /* LaunchScreen.storyboard in Resources */,
				30D6D9A629B489C3002C63BB /* Assets.xcassets in Resources */,
				30D6D9A429B489C2002C63BB /* Main.storyboard in Resources */,
			);
			runOnlyForDeploymentPostprocessing = 0;
		};
/* End PBXResourcesBuildPhase section */

/* Begin PBXSourcesBuildPhase section */
		30D6D99529B489C2002C63BB /* Sources */ = {
			isa = PBXSourcesBuildPhase;
			buildActionMask = 2147483647;
			files = (
				30D6D9A129B489C2002C63BB /* ViewController.swift in Sources */,
				30D6D9B129B48B1A002C63BB /* detailsVC.swift in Sources */,
				30D6D99D29B489C2002C63BB /* AppDelegate.swift in Sources */,
				30D6D9B329B49014002C63BB /* simpsons.swift in Sources */,
				30D6D99F29B489C2002C63BB /* SceneDelegate.swift in Sources */,
			);
			runOnlyForDeploymentPostprocessing = 0;
		};
/* End PBXSourcesBuildPhase section */

/* Begin PBXVariantGroup section */
		30D6D9A229B489C2002C63BB /* Main.storyboard */ = {
			isa = PBXVariantGroup;
			children = (
				30D6D9A329B489C2002C63BB /* Base */,
			);
			name = Main.storyboard;
			sourceTree = "<group>";
		};
		30D6D9A729B489C3002C63BB /* LaunchScreen.storyboard */ = {
			isa = PBXVariantGroup;
			children = (
				30D6D9A829B489C3002C63BB /* Base */,
			);
			name = LaunchScreen.storyboard;
			sourceTree = "<group>";
		};
/* End PBXVariantGroup section */

/* Begin XCBuildConfiguration section */
		30D6D9AB29B489C3002C63BB /* Debug */ = {
			isa = XCBuildConfiguration;
			buildSettings = {
				ALWAYS_SEARCH_USER_PATHS = NO;
				CLANG_ANALYZER_NONNULL = YES;
				CLANG_ANALYZER_NUMBER_OBJECT_CONVERSION = YES_AGGRESSIVE;
				CLANG_CXX_LANGUAGE_STANDARD = "gnu++20";
				CLANG_ENABLE_MODULES = YES;
				CLANG_ENABLE_OBJC_ARC = YES;
				CLANG_ENABLE_OBJC_WEAK = YES;
				CLANG_WARN_BLOCK_CAPTURE_AUTORELEASING = YES;
				CLANG_WARN_BOOL_CONVERSION = YES;
				CLANG_WARN_COMMA = YES;
				CLANG_WARN_CONSTANT_CONVERSION = YES;
				CLANG_WARN_DEPRECATED_OBJC_IMPLEMENTATIONS = YES;
				CLANG_WARN_DIRECT_OBJC_ISA_USAGE = YES_ERROR;
				CLANG_WARN_DOCUMENTATION_COMMENTS = YES;
				CLANG_WARN_EMPTY_BODY = YES;
				CLANG_WARN_ENUM_CONVERSION = YES;
				CLANG_WARN_INFINITE_RECURSION = YES;
				CLANG_WARN_INT_CONVERSION = YES;
				CLANG_WARN_NON_LITERAL_NULL_CONVERSION = YES;
				CLANG_WARN_OBJC_IMPLICIT_RETAIN_SELF = YES;
				CLANG_WARN_OBJC_LITERAL_CONVERSION = YES;
				CLANG_WARN_OBJC_ROOT_CLASS = YES_ERROR;
				CLANG_WARN_QUOTED_INCLUDE_IN_FRAMEWORK_HEADER = YES;
				CLANG_WARN_RANGE_LOOP_ANALYSIS = YES;
				CLANG_WARN_STRICT_PROTOTYPES = YES;
				CLANG_WARN_SUSPICIOUS_MOVE = YES;
				CLANG_WARN_UNGUARDED_AVAILABILITY = YES_AGGRESSIVE;
				CLANG_WARN_UNREACHABLE_CODE = YES;
				CLANG_WARN__DUPLICATE_METHOD_MATCH = YES;
				COPY_PHASE_STRIP = NO;
				DEBUG_INFORMATION_FORMAT = dwarf;
				ENABLE_STRICT_OBJC_MSGSEND = YES;
				ENABLE_TESTABILITY = YES;
				GCC_C_LANGUAGE_STANDARD = gnu11;
				GCC_DYNAMIC_NO_PIC = NO;
				GCC_NO_COMMON_BLOCKS = YES;
				GCC_OPTIMIZATION_LEVEL = 0;
				GCC_PREPROCESSOR_DEFINITIONS = (
					"DEBUG=1",
					"$(inherited)",
				);
				GCC_WARN_64_TO_32_BIT_CONVERSION = YES;
				GCC_WARN_ABOUT_RETURN_TYPE = YES_ERROR;
				GCC_WARN_UNDECLARED_SELECTOR = YES;
				GCC_WARN_UNINITIALIZED_AUTOS = YES_AGGRESSIVE;
				GCC_WARN_UNUSED_FUNCTION = YES;
				GCC_WARN_UNUSED_VARIABLE = YES;
				IPHONEOS_DEPLOYMENT_TARGET = 16.2;
				MTL_ENABLE_DEBUG_INFO = INCLUDE_SOURCE;
				MTL_FAST_MATH = YES;
				ONLY_ACTIVE_ARCH = YES;
				SDKROOT = iphoneos;
				SWIFT_ACTIVE_COMPILATION_CONDITIONS = DEBUG;
				SWIFT_OPTIMIZATION_LEVEL = "-Onone";
			};
			name = Debug;
		};
		30D6D9AC29B489C3002C63BB /* Release */ = {
			isa = XCBuildConfiguration;
			buildSettings = {
				ALWAYS_SEARCH_USER_PATHS = NO;
				CLANG_ANALYZER_NONNULL = YES;
				CLANG_ANALYZER_NUMBER_OBJECT_CONVERSION = YES_AGGRESSIVE;
				CLANG_CXX_LANGUAGE_STANDARD = "gnu++20";
				CLANG_ENABLE_MODULES = YES;
				CLANG_ENABLE_OBJC_ARC = YES;
				CLANG_ENABLE_OBJC_WEAK = YES;
				CLANG_WARN_BLOCK_CAPTURE_AUTORELEASING = YES;
				CLANG_WARN_BOOL_CONVERSION = YES;
				CLANG_WARN_COMMA = YES;
				CLANG_WARN_CONSTANT_CONVERSION = YES;
				CLANG_WARN_DEPRECATED_OBJC_IMPLEMENTATIONS = YES;
				CLANG_WARN_DIRECT_OBJC_ISA_USAGE = YES_ERROR;
				CLANG_WARN_DOCUMENTATION_COMMENTS = YES;
				CLANG_WARN_EMPTY_BODY = YES;
				CLANG_WARN_ENUM_CONVERSION = YES;
				CLANG_WARN_INFINITE_RECURSION = YES;
				CLANG_WARN_INT_CONVERSION = YES;
				CLANG_WARN_NON_LITERAL_NULL_CONVERSION = YES;
				CLANG_WARN_OBJC_IMPLICIT_RETAIN_SELF = YES;
				CLANG_WARN_OBJC_LITERAL_CONVERSION = YES;
				CLANG_WARN_OBJC_ROOT_CLASS = YES_ERROR;
				CLANG_WARN_QUOTED_INCLUDE_IN_FRAMEWORK_HEADER = YES;
				CLANG_WARN_RANGE_LOOP_ANALYSIS = YES;
				CLANG_WARN_STRICT_PROTOTYPES = YES;
				CLANG_WARN_SUSPICIOUS_MOVE = YES;
				CLANG_WARN_UNGUARDED_AVAILABILITY = YES_AGGRESSIVE;
				CLANG_WARN_UNREACHABLE_CODE = YES;
				CLANG_WARN__DUPLICATE_METHOD_MATCH = YES;
				COPY_PHASE_STRIP = NO;
				DEBUG_INFORMATION_FORMAT = "dwarf-with-dsym";
				ENABLE_NS_ASSERTIONS = NO;
				ENABLE_STRICT_OBJC_MSGSEND = YES;
				GCC_C_LANGUAGE_STANDARD = gnu11;
				GCC_NO_COMMON_BLOCKS = YES;
				GCC_WARN_64_TO_32_BIT_CONVERSION = YES;
				GCC_WARN_ABOUT_RETURN_TYPE = YES_ERROR;
				GCC_WARN_UNDECLARED_SELECTOR = YES;
				GCC_WARN_UNINITIALIZED_AUTOS = YES_AGGRESSIVE;
				GCC_WARN_UNUSED_FUNCTION = YES;
				GCC_WARN_UNUSED_VARIABLE = YES;
				IPHONEOS_DEPLOYMENT_TARGET = 16.2;
				MTL_ENABLE_DEBUG_INFO = NO;
				MTL_FAST_MATH = YES;
				SDKROOT = iphoneos;
				SWIFT_COMPILATION_MODE = wholemodule;
				SWIFT_OPTIMIZATION_LEVEL = "-O";
				VALIDATE_PRODUCT = YES;
			};
			name = Release;
		};
		30D6D9AE29B489C3002C63BB /* Debug */ = {
			isa = XCBuildConfiguration;
			buildSettings = {
				ASSETCATALOG_COMPILER_APPICON_NAME = AppIcon;
				ASSETCATALOG_COMPILER_GLOBAL_ACCENT_COLOR_NAME = AccentColor;
				CODE_SIGN_STYLE = Automatic;
				CURRENT_PROJECT_VERSION = 1;
				DEVELOPMENT_TEAM = 75TSHHWFW3;
				GENERATE_INFOPLIST_FILE = YES;
				INFOPLIST_FILE = SimpsonsBook/Info.plist;
				INFOPLIST_KEY_UIApplicationSupportsIndirectInputEvents = YES;
				INFOPLIST_KEY_UILaunchStoryboardName = LaunchScreen;
				INFOPLIST_KEY_UIMainStoryboardFile = Main;
				INFOPLIST_KEY_UISupportedInterfaceOrientations_iPad = "UIInterfaceOrientationPortrait UIInterfaceOrientationPortraitUpsideDown UIInterfaceOrientationLandscapeLeft UIInterfaceOrientationLandscapeRight";
				INFOPLIST_KEY_UISupportedInterfaceOrientations_iPhone = "UIInterfaceOrientationPortrait UIInterfaceOrientationLandscapeLeft UIInterfaceOrientationLandscapeRight";
				LD_RUNPATH_SEARCH_PATHS = (
					"$(inherited)",
					"@executable_path/Frameworks",
				);
				MARKETING_VERSION = 1.0;
				PRODUCT_BUNDLE_IDENTIFIER = com.selahattinedin.SimpsonsBook;
				PRODUCT_NAME = "$(TARGET_NAME)";
				SWIFT_EMIT_LOC_STRINGS = YES;
				SWIFT_VERSION = 5.0;
				TARGETED_DEVICE_FAMILY = "1,2";
			};
			name = Debug;
		};
		30D6D9AF29B489C3002C63BB /* Release */ = {
			isa = XCBuildConfiguration;
			buildSettings = {
				ASSETCATALOG_COMPILER_APPICON_NAME = AppIcon;
				ASSETCATALOG_COMPILER_GLOBAL_ACCENT_COLOR_NAME = AccentColor;
				CODE_SIGN_STYLE = Automatic;
				CURRENT_PROJECT_VERSION = 1;
				DEVELOPMENT_TEAM = 75TSHHWFW3;
				GENERATE_INFOPLIST_FILE = YES;
				INFOPLIST_FILE = SimpsonsBook/Info.plist;
				INFOPLIST_KEY_UIApplicationSupportsIndirectInputEvents = YES;
				INFOPLIST_KEY_UILaunchStoryboardName = LaunchScreen;
				INFOPLIST_KEY_UIMainStoryboardFile = Main;
				INFOPLIST_KEY_UISupportedInterfaceOrientations_iPad = "UIInterfaceOrientationPortrait UIInterfaceOrientationPortraitUpsideDown UIInterfaceOrientationLandscapeLeft UIInterfaceOrientationLandscapeRight";
				INFOPLIST_KEY_UISupportedInterfaceOrientations_iPhone = "UIInterfaceOrientationPortrait UIInterfaceOrientationLandscapeLeft UIInterfaceOrientationLandscapeRight";
				LD_RUNPATH_SEARCH_PATHS = (
					"$(inherited)",
					"@executable_path/Frameworks",
				);
				MARKETING_VERSION = 1.0;
				PRODUCT_BUNDLE_IDENTIFIER = com.selahattinedin.SimpsonsBook;
				PRODUCT_NAME = "$(TARGET_NAME)";
				SWIFT_EMIT_LOC_STRINGS = YES;
				SWIFT_VERSION = 5.0;
				TARGETED_DEVICE_FAMILY = "1,2";
			};
			name = Release;
		};
/* End XCBuildConfiguration section */

/* Begin XCConfigurationList section */
		30D6D99429B489C2002C63BB /* Build configuration list for PBXProject "SimpsonsBook" */ = {
			isa = XCConfigurationList;
			buildConfigurations = (
				30D6D9AB29B489C3002C63BB /* Debug */,
				30D6D9AC29B489C3002C63BB /* Release */,
			);
			defaultConfigurationIsVisible = 0;
			defaultConfigurationName = Release;
		};
		30D6D9AD29B489C3002C63BB /* Build configuration list for PBXNativeTarget "SimpsonsBook" */ = {
			isa = XCConfigurationList;
			buildConfigurations = (
				30D6D9AE29B489C3002C63BB /* Debug */,
				30D6D9AF29B489C3002C63BB /* Release */,
			);
			defaultConfigurationIsVisible = 0;
			defaultConfigurationName = Release;
		};
/* End XCConfigurationList section */
	};
	rootObject = 30D6D99129B489C2002C63BB /* Project object */;
}
